{
  "requires": true,
  "lockfileVersion": 1,
  "dependencies": {
    "introcs": {
      "version": "0.8.12",
      "resolved": "https://registry.npmjs.org/introcs/-/introcs-0.8.12.tgz",
      "integrity": "sha512-5+05w1RlrIyTl0t2ZfVFJtAMzPa2H2kH6TC2OnRzujFbs6ZAGaMs9q4EooAgCBPRbuYm1OwBrxsprGH3o/Cu9A=="
    },
    "typescript": {
      "version": "3.4.5",
      "resolved": "https://registry.npmjs.org/typescript/-/typescript-3.4.5.tgz",
      "integrity": "sha512-YycBxUb49UUhdNMU5aJ7z5Ej2XGmaIBL0x34vZ82fn3hGvD+bgrMrVDpatgz2f7YxUMJxMkbWxJZeAvDxVe7Vw==",
      "dev": true
    }
  }
}
